
Microsoft Visual Studio Solution File, Format Version 12.00
# Visual Studio Version 17
VisualStudioVersion = 17.12.35527.113 d17.12
MinimumVisualStudioVersion = 10.0.40219.1
Project("{FAE04EC0-301F-11D3-BF4B-00C04F79EFBC}") = "ProjectCopyPaste", "ProjectCopyPaste\ProjectCopyPaste.csproj", "{75C92F98-A5DE-4663-90AB-3CEBA9D3E187}"
EndProject
Global
	GlobalSection(SolutionConfigurationPlatforms) = preSolution
		Debug|Any CPU = Debug|Any CPU
		Release|Any CPU = Release|Any CPU
	EndGlobalSection
	GlobalSection(ProjectConfigurationPlatforms) = postSolution
		{75C92F98-A5DE-4663-90AB-3CEBA9D3E187}.Debug|Any CPU.ActiveCfg = Debug|Any CPU
		{75C92F98-A5DE-4663-90AB-3CEBA9D3E187}.Debug|Any CPU.Build.0 = Debug|Any CPU
		{75C92F98-A5DE-4663-90AB-3CEBA9D3E187}.Release|Any CPU.ActiveCfg = Release|Any CPU
		{75C92F98-A5DE-4663-90AB-3CEBA9D3E187}.Release|Any CPU.Build.0 = Release|Any CPU
	EndGlobalSection
	GlobalSection(SolutionProperties) = preSolution
		HideSolutionNode = FALSE
	EndGlobalSection
EndGlobal
